
Microsoft Visual Studio Solution File, Format Version 11.00
# Visual Studio 2010
Project("{2150E333-8FDC-42A3-9474-1A3956D46DE8}") = "Solution Items", "Solution Items", "{273FF589-DE8E-4C86-A39E-FB14A6AF5261}"
	ProjectSection(SolutionItems) = preProject
		Solution Items\License.txt = Solution Items\License.txt
	EndProjectSection
EndProject
Project("{2150E333-8FDC-42A3-9474-1A3956D46DE8}") = "1. Presentation Layer", "1. Presentation Layer", "{21FA1399-420C-41E7-97AB-1303D0CF45E3}"
EndProject
Project("{2150E333-8FDC-42A3-9474-1A3956D46DE8}") = "4. Business Layer", "4. Business Layer", "{BED482CD-D7D7-4CC7-B0C6-11A30916F2C1}"
EndProject
Project("{2150E333-8FDC-42A3-9474-1A3956D46DE8}") = "5. Data Layer", "5. Data Layer", "{E2DF3D1A-BE80-42CD-A533-15442B320C25}"
EndProject
Project("{2150E333-8FDC-42A3-9474-1A3956D46DE8}") = "Framework", "Framework", "{12D34011-0137-4A9A-B0C1-7DFFB572E35D}"
EndProject
Project("{2150E333-8FDC-42A3-9474-1A3956D46DE8}") = "ASP.NET", "ASP.NET", "{EFB929D0-CE24-4BE1-8CE9-52F14558C8F7}"
EndProject
Project("{2150E333-8FDC-42A3-9474-1A3956D46DE8}") = "Sql Server", "Sql Server", "{AA7AFAF5-2C8A-49BC-9978-26ED3F870417}"
	ProjectSection(SolutionItems) = preProject
		Solution Items\Sql Server\Action.sql = Solution Items\Sql Server\Action.sql
		Solution Items\Sql Server\Aspnetdb.sql = Solution Items\Sql Server\Aspnetdb.sql
	EndProjectSection
EndProject
Project("{2150E333-8FDC-42A3-9474-1A3956D46DE8}") = "Documentation", "Documentation", "{19AA3F8D-C9D0-468A-B6C7-7AACAC7539A1}"
	ProjectSection(SolutionItems) = preProject
		Solution Items\Documentation\Documentation.chm = Solution Items\Documentation\Documentation.chm
	EndProjectSection
EndProject
Project("{FAE04EC0-301F-11D3-BF4B-00C04F79EFBC}") = "Data Objects", "DataObjects\Data Objects.csproj", "{552A9A1E-2D11-4D2C-B88A-7D318E0E9BF4}"
EndProject
Project("{FAE04EC0-301F-11D3-BF4B-00C04F79EFBC}") = "Business Objects", "BusinessObjects\Business Objects.csproj", "{542EFC95-C2E9-4C6D-B35C-E221F01D38AE}"
EndProject
Project("{FAE04EC0-301F-11D3-BF4B-00C04F79EFBC}") = "Encryption", "Encryption\Encryption.csproj", "{C7668E19-E679-4FE4-8BBF-22C0131432B3}"
EndProject
Project("{FAE04EC0-301F-11D3-BF4B-00C04F79EFBC}") = "WCFProxy", "WCFProxy\WCFProxy.csproj", "{F3587862-5ACE-44A3-B907-82F0051FCAE0}"
EndProject
Project("{FAE04EC0-301F-11D3-BF4B-00C04F79EFBC}") = "OHMProfileManagementSystem", "OHMProfileManagementSystem\OHMProfileManagementSystem.csproj", "{F70D100C-9A11-42A4-93A7-47A844694D50}"
EndProject
Global
	GlobalSection(SolutionConfigurationPlatforms) = preSolution
		Debug|Any CPU = Debug|Any CPU
		Release|Any CPU = Release|Any CPU
	EndGlobalSection
	GlobalSection(ProjectConfigurationPlatforms) = postSolution
		{552A9A1E-2D11-4D2C-B88A-7D318E0E9BF4}.Debug|Any CPU.ActiveCfg = Debug|Any CPU
		{552A9A1E-2D11-4D2C-B88A-7D318E0E9BF4}.Debug|Any CPU.Build.0 = Debug|Any CPU
		{552A9A1E-2D11-4D2C-B88A-7D318E0E9BF4}.Release|Any CPU.ActiveCfg = Release|Any CPU
		{552A9A1E-2D11-4D2C-B88A-7D318E0E9BF4}.Release|Any CPU.Build.0 = Release|Any CPU
		{542EFC95-C2E9-4C6D-B35C-E221F01D38AE}.Debug|Any CPU.ActiveCfg = Debug|Any CPU
		{542EFC95-C2E9-4C6D-B35C-E221F01D38AE}.Debug|Any CPU.Build.0 = Debug|Any CPU
		{542EFC95-C2E9-4C6D-B35C-E221F01D38AE}.Release|Any CPU.ActiveCfg = Release|Any CPU
		{542EFC95-C2E9-4C6D-B35C-E221F01D38AE}.Release|Any CPU.Build.0 = Release|Any CPU
		{C7668E19-E679-4FE4-8BBF-22C0131432B3}.Debug|Any CPU.ActiveCfg = Debug|Any CPU
		{C7668E19-E679-4FE4-8BBF-22C0131432B3}.Debug|Any CPU.Build.0 = Debug|Any CPU
		{C7668E19-E679-4FE4-8BBF-22C0131432B3}.Release|Any CPU.ActiveCfg = Release|Any CPU
		{C7668E19-E679-4FE4-8BBF-22C0131432B3}.Release|Any CPU.Build.0 = Release|Any CPU
		{F3587862-5ACE-44A3-B907-82F0051FCAE0}.Debug|Any CPU.ActiveCfg = Debug|Any CPU
		{F3587862-5ACE-44A3-B907-82F0051FCAE0}.Debug|Any CPU.Build.0 = Debug|Any CPU
		{F3587862-5ACE-44A3-B907-82F0051FCAE0}.Release|Any CPU.ActiveCfg = Release|Any CPU
		{F3587862-5ACE-44A3-B907-82F0051FCAE0}.Release|Any CPU.Build.0 = Release|Any CPU
		{F70D100C-9A11-42A4-93A7-47A844694D50}.Debug|Any CPU.ActiveCfg = Debug|Any CPU
		{F70D100C-9A11-42A4-93A7-47A844694D50}.Debug|Any CPU.Build.0 = Debug|Any CPU
		{F70D100C-9A11-42A4-93A7-47A844694D50}.Release|Any CPU.ActiveCfg = Release|Any CPU
		{F70D100C-9A11-42A4-93A7-47A844694D50}.Release|Any CPU.Build.0 = Release|Any CPU
	EndGlobalSection
	GlobalSection(SolutionProperties) = preSolution
		HideSolutionNode = FALSE
	EndGlobalSection
	GlobalSection(NestedProjects) = preSolution
		{AA7AFAF5-2C8A-49BC-9978-26ED3F870417} = {273FF589-DE8E-4C86-A39E-FB14A6AF5261}
		{19AA3F8D-C9D0-468A-B6C7-7AACAC7539A1} = {273FF589-DE8E-4C86-A39E-FB14A6AF5261}
		{EFB929D0-CE24-4BE1-8CE9-52F14558C8F7} = {21FA1399-420C-41E7-97AB-1303D0CF45E3}
		{542EFC95-C2E9-4C6D-B35C-E221F01D38AE} = {BED482CD-D7D7-4CC7-B0C6-11A30916F2C1}
		{552A9A1E-2D11-4D2C-B88A-7D318E0E9BF4} = {E2DF3D1A-BE80-42CD-A533-15442B320C25}
		{C7668E19-E679-4FE4-8BBF-22C0131432B3} = {12D34011-0137-4A9A-B0C1-7DFFB572E35D}
		{F3587862-5ACE-44A3-B907-82F0051FCAE0} = {12D34011-0137-4A9A-B0C1-7DFFB572E35D}
		{F70D100C-9A11-42A4-93A7-47A844694D50} = {EFB929D0-CE24-4BE1-8CE9-52F14558C8F7}
	EndGlobalSection
	GlobalSection(SubversionScc) = preSolution
		Svn-Managed = True
		Manager = AnkhSVN - Subversion Support for Visual Studio
	EndGlobalSection
EndGlobal
